# This file is automatically @generated by Cargo.
# It is not intended for manual editing.
version = 4

[[package]]
name = "globacl-agent"
version = "0.1.0"
dependencies = [
 "globacl-core",
]

[[package]]
name = "globacl-bench"
version = "0.1.0"
dependencies = [
 "globacl-core",
]

[[package]]
name = "globacl-control"
version = "0.1.0"
dependencies = [
 "globacl-core",
]

[[package]]
name = "globacl-core"
version = "0.1.0"

[[package]]
name = "globacl-relay"
version = "0.1.0"
dependencies = [
 "globacl-core",
]
